// !$*UTF8*$!
{
	archiveVersion = 1;
	classes = {
	};
	objectVersion = 56;
	objects = {

/* Begin PBXBuildFile section */
		187FF65F2C92E968009CB09A /* AppDelegate.swift in Sources */ = {isa = PBXBuildFile; fileRef = 187FF65E2C92E968009CB09A /* AppDelegate.swift */; };
		187FF6612C92E968009CB09A /* SceneDelegate.swift in Sources */ = {isa = PBXBuildFile; fileRef = 187FF6602C92E968009CB09A /* SceneDelegate.swift */; };
		187FF6632C92E968009CB09A /* ViewController.swift in Sources */ = {isa = PBXBuildFile; fileRef = 187FF6622C92E968009CB09A /* ViewController.swift */; };
		187FF6662C92E968009CB09A /* Base in Resources */ = {isa = PBXBuildFile; fileRef = 187FF6652C92E968009CB09A /* Base */; };
		187FF6682C92E96A009CB09A /* Assets.xcassets in Resources */ = {isa = PBXBuildFile; fileRef = 187FF6672C92E96A009CB09A /* Assets.xcassets */; };
		187FF66B2C92E96A009CB09A /* Base in Resources */ = {isa = PBXBuildFile; fileRef = 187FF66A2C92E96A009CB09A /* Base */; };
		187FF6812C92F305009CB09A /* AppResources in Resources */ = {isa = PBXBuildFile; fileRef = 187FF6722C92F305009CB09A /* AppResources */; };
		187FF6822C92F305009CB09A /* Base in Resources */ = {isa = PBXBuildFile; fileRef = 187FF6732C92F305009CB09A /* Base */; };
		187FF6832C92F305009CB09A /* Common in Resources */ = {isa = PBXBuildFile; fileRef = 187FF6742C92F305009CB09A /* Common */; };
		187FF6842C92F305009CB09A /* Coordinator in Resources */ = {isa = PBXBuildFile; fileRef = 187FF6752C92F305009CB09A /* Coordinator */; };
		187FF6852C92F305009CB09A /* Home in Resources */ = {isa = PBXBuildFile; fileRef = 187FF6762C92F305009CB09A /* Home */; };
		187FF6862C92F305009CB09A /* Library in Resources */ = {isa = PBXBuildFile; fileRef = 187FF6772C92F305009CB09A /* Library */; };
		187FF6872C92F305009CB09A /* Login in Resources */ = {isa = PBXBuildFile; fileRef = 187FF6782C92F305009CB09A /* Login */; };
		187FF6882C92F305009CB09A /* Network in Resources */ = {isa = PBXBuildFile; fileRef = 187FF6792C92F305009CB09A /* Network */; };
		187FF6892C92F305009CB09A /* Onboarding in Resources */ = {isa = PBXBuildFile; fileRef = 187FF67A2C92F305009CB09A /* Onboarding */; };
		187FF68A2C92F305009CB09A /* Player in Resources */ = {isa = PBXBuildFile; fileRef = 187FF67B2C92F305009CB09A /* Player */; };
		187FF68B2C92F305009CB09A /* Profile in Resources */ = {isa = PBXBuildFile; fileRef = 187FF67C2C92F305009CB09A /* Profile */; };
		187FF68C2C92F305009CB09A /* Search in Resources */ = {isa = PBXBuildFile; fileRef = 187FF67D2C92F305009CB09A /* Search */; };
		187FF68D2C92F305009CB09A /* Settings in Resources */ = {isa = PBXBuildFile; fileRef = 187FF67E2C92F305009CB09A /* Settings */; };
		187FF68E2C92F305009CB09A /* Splash in Resources */ = {isa = PBXBuildFile; fileRef = 187FF67F2C92F305009CB09A /* Splash */; };
/* End PBXBuildFile section */

/* Begin PBXFileReference section */
		187FF65B2C92E968009CB09A /* SpotifyClone.app */ = {isa = PBXFileReference; explicitFileType = wrapper.application; includeInIndex = 0; path = SpotifyClone.app; sourceTree = BUILT_PRODUCTS_DIR; };
		187FF65E2C92E968009CB09A /* AppDelegate.swift */ = {isa = PBXFileReference; lastKnownFileType = sourcecode.swift; path = AppDelegate.swift; sourceTree = "<group>"; };
		187FF6602C92E968009CB09A /* SceneDelegate.swift */ = {isa = PBXFileReference; lastKnownFileType = sourcecode.swift; path = SceneDelegate.swift; sourceTree = "<group>"; };
		187FF6622C92E968009CB09A /* ViewController.swift */ = {isa = PBXFileReference; lastKnownFileType = sourcecode.swift; path = ViewController.swift; sourceTree = "<group>"; };
		187FF6652C92E968009CB09A /* Base */ = {isa = PBXFileReference; lastKnownFileType = file.storyboard; name = Base; path = Base.lproj/Main.storyboard; sourceTree = "<group>"; };
		187FF6672C92E96A009CB09A /* Assets.xcassets */ = {isa = PBXFileReference; lastKnownFileType = folder.assetcatalog; path = Assets.xcassets; sourceTree = "<group>"; };
		187FF66A2C92E96A009CB09A /* Base */ = {isa = PBXFileReference; lastKnownFileType = file.storyboard; name = Base; path = Base.lproj/LaunchScreen.storyboard; sourceTree = "<group>"; };
		187FF66C2C92E96A009CB09A /* Info.plist */ = {isa = PBXFileReference; lastKnownFileType = text.plist.xml; path = Info.plist; sourceTree = "<group>"; };
		187FF6722C92F305009CB09A /* AppResources */ = {isa = PBXFileReference; lastKnownFileType = wrapper; path = AppResources; sourceTree = "<group>"; };
		187FF6732C92F305009CB09A /* Base */ = {isa = PBXFileReference; lastKnownFileType = wrapper; path = Base; sourceTree = "<group>"; };
		187FF6742C92F305009CB09A /* Common */ = {isa = PBXFileReference; lastKnownFileType = wrapper; path = Common; sourceTree = "<group>"; };
		187FF6752C92F305009CB09A /* Coordinator */ = {isa = PBXFileReference; lastKnownFileType = wrapper; path = Coordinator; sourceTree = "<group>"; };
		187FF6762C92F305009CB09A /* Home */ = {isa = PBXFileReference; lastKnownFileType = wrapper; path = Home; sourceTree = "<group>"; };
		187FF6772C92F305009CB09A /* Library */ = {isa = PBXFileReference; lastKnownFileType = wrapper; path = Library; sourceTree = "<group>"; };
		187FF6782C92F305009CB09A /* Login */ = {isa = PBXFileReference; lastKnownFileType = wrapper; path = Login; sourceTree = "<group>"; };
		187FF6792C92F305009CB09A /* Network */ = {isa = PBXFileReference; lastKnownFileType = wrapper; path = Network; sourceTree = "<group>"; };
		187FF67A2C92F305009CB09A /* Onboarding */ = {isa = PBXFileReference; lastKnownFileType = wrapper; path = Onboarding; sourceTree = "<group>"; };
		187FF67B2C92F305009CB09A /* Player */ = {isa = PBXFileReference; lastKnownFileType = wrapper; path = Player; sourceTree = "<group>"; };
		187FF67C2C92F305009CB09A /* Profile */ = {isa = PBXFileReference; lastKnownFileType = wrapper; path = Profile; sourceTree = "<group>"; };
		187FF67D2C92F305009CB09A /* Search */ = {isa = PBXFileReference; lastKnownFileType = wrapper; path = Search; sourceTree = "<group>"; };
		187FF67E2C92F305009CB09A /* Settings */ = {isa = PBXFileReference; lastKnownFileType = wrapper; path = Settings; sourceTree = "<group>"; };
		187FF67F2C92F305009CB09A /* Splash */ = {isa = PBXFileReference; lastKnownFileType = wrapper; path = Splash; sourceTree = "<group>"; };
/* End PBXFileReference section */

/* Begin PBXFrameworksBuildPhase section */
		187FF6582C92E968009CB09A /* Frameworks */ = {
			isa = PBXFrameworksBuildPhase;
			buildActionMask = 2147483647;
			files = (
			);
			runOnlyForDeploymentPostprocessing = 0;
		};
/* End PBXFrameworksBuildPhase section */

/* Begin PBXGroup section */
		187FF6522C92E968009CB09A = {
			isa = PBXGroup;
			children = (
				187FF6802C92F305009CB09A /* Modules */,
				187FF65D2C92E968009CB09A /* SpotifyClone */,
				187FF65C2C92E968009CB09A /* Products */,
			);
			sourceTree = "<group>";
		};
		187FF65C2C92E968009CB09A /* Products */ = {
			isa = PBXGroup;
			children = (
				187FF65B2C92E968009CB09A /* SpotifyClone.app */,
			);
			name = Products;
			sourceTree = "<group>";
		};
		187FF65D2C92E968009CB09A /* SpotifyClone */ = {
			isa = PBXGroup;
			children = (
				187FF65E2C92E968009CB09A /* AppDelegate.swift */,
				187FF6602C92E968009CB09A /* SceneDelegate.swift */,
				187FF6622C92E968009CB09A /* ViewController.swift */,
				187FF6642C92E968009CB09A /* Main.storyboard */,
				187FF6672C92E96A009CB09A /* Assets.xcassets */,
				187FF6692C92E96A009CB09A /* LaunchScreen.storyboard */,
				187FF66C2C92E96A009CB09A /* Info.plist */,
			);
			path = SpotifyClone;
			sourceTree = "<group>";
		};
		187FF6802C92F305009CB09A /* Modules */ = {
			isa = PBXGroup;
			children = (
				187FF6722C92F305009CB09A /* AppResources */,
				187FF6732C92F305009CB09A /* Base */,
				187FF6742C92F305009CB09A /* Common */,
				187FF6752C92F305009CB09A /* Coordinator */,
				187FF6762C92F305009CB09A /* Home */,
				187FF6772C92F305009CB09A /* Library */,
				187FF6782C92F305009CB09A /* Login */,
				187FF6792C92F305009CB09A /* Network */,
				187FF67A2C92F305009CB09A /* Onboarding */,
				187FF67B2C92F305009CB09A /* Player */,
				187FF67C2C92F305009CB09A /* Profile */,
				187FF67D2C92F305009CB09A /* Search */,
				187FF67E2C92F305009CB09A /* Settings */,
				187FF67F2C92F305009CB09A /* Splash */,
			);
			path = Modules;
			sourceTree = "<group>";
		};
/* End PBXGroup section */

/* Begin PBXNativeTarget section */
		187FF65A2C92E968009CB09A /* SpotifyClone */ = {
			isa = PBXNativeTarget;
			buildConfigurationList = 187FF66F2C92E96A009CB09A /* Build configuration list for PBXNativeTarget "SpotifyClone" */;
			buildPhases = (
				187FF6572C92E968009CB09A /* Sources */,
				187FF6582C92E968009CB09A /* Frameworks */,
				187FF6592C92E968009CB09A /* Resources */,
			);
			buildRules = (
			);
			dependencies = (
			);
			name = SpotifyClone;
			productName = SpotifyClone;
			productReference = 187FF65B2C92E968009CB09A /* SpotifyClone.app */;
			productType = "com.apple.product-type.application";
		};
/* End PBXNativeTarget section */

/* Begin PBXProject section */
		187FF6532C92E968009CB09A /* Project object */ = {
			isa = PBXProject;
			attributes = {
				BuildIndependentTargetsInParallel = 1;
				LastSwiftUpdateCheck = 1530;
				LastUpgradeCheck = 1530;
				TargetAttributes = {
					187FF65A2C92E968009CB09A = {
						CreatedOnToolsVersion = 15.3;
					};
				};
			};
			buildConfigurationList = 187FF6562C92E968009CB09A /* Build configuration list for PBXProject "SpotifyClone" */;
			compatibilityVersion = "Xcode 14.0";
			developmentRegion = en;
			hasScannedForEncodings = 0;
			knownRegions = (
				en,
				Base,
			);
			mainGroup = 187FF6522C92E968009CB09A;
			productRefGroup = 187FF65C2C92E968009CB09A /* Products */;
			projectDirPath = "";
			projectRoot = "";
			targets = (
				187FF65A2C92E968009CB09A /* SpotifyClone */,
			);
		};
/* End PBXProject section */

/* Begin PBXResourcesBuildPhase section */
		187FF6592C92E968009CB09A /* Resources */ = {
			isa = PBXResourcesBuildPhase;
			buildActionMask = 2147483647;
			files = (
				187FF68B2C92F305009CB09A /* Profile in Resources */,
				187FF68A2C92F305009CB09A /* Player in Resources */,
				187FF6812C92F305009CB09A /* AppResources in Resources */,
				187FF6842C92F305009CB09A /* Coordinator in Resources */,
				187FF6682C92E96A009CB09A /* Assets.xcassets in Resources */,
				187FF68C2C92F305009CB09A /* Search in Resources */,
				187FF66B2C92E96A009CB09A /* Base in Resources */,
				187FF6662C92E968009CB09A /* Base in Resources */,
				187FF6892C92F305009CB09A /* Onboarding in Resources */,
				187FF68D2C92F305009CB09A /* Settings in Resources */,
				187FF6852C92F305009CB09A /* Home in Resources */,
				187FF68E2C92F305009CB09A /* Splash in Resources */,
				187FF6862C92F305009CB09A /* Library in Resources */,
				187FF6882C92F305009CB09A /* Network in Resources */,
				187FF6822C92F305009CB09A /* Base in Resources */,
				187FF6872C92F305009CB09A /* Login in Resources */,
				187FF6832C92F305009CB09A /* Common in Resources */,
			);
			runOnlyForDeploymentPostprocessing = 0;
		};
/* End PBXResourcesBuildPhase section */

/* Begin PBXSourcesBuildPhase section */
		187FF6572C92E968009CB09A /* Sources */ = {
			isa = PBXSourcesBuildPhase;
			buildActionMask = 2147483647;
			files = (
				187FF6632C92E968009CB09A /* ViewController.swift in Sources */,
				187FF65F2C92E968009CB09A /* AppDelegate.swift in Sources */,
				187FF6612C92E968009CB09A /* SceneDelegate.swift in Sources */,
			);
			runOnlyForDeploymentPostprocessing = 0;
		};
/* End PBXSourcesBuildPhase section */

/* Begin PBXVariantGroup section */
		187FF6642C92E968009CB09A /* Main.storyboard */ = {
			isa = PBXVariantGroup;
			children = (
				187FF6652C92E968009CB09A /* Base */,
			);
			name = Main.storyboard;
			sourceTree = "<group>";
		};
		187FF6692C92E96A009CB09A /* LaunchScreen.storyboard */ = {
			isa = PBXVariantGroup;
			children = (
				187FF66A2C92E96A009CB09A /* Base */,
			);
			name = LaunchScreen.storyboard;
			sourceTree = "<group>";
		};
/* End PBXVariantGroup section */

/* Begin XCBuildConfiguration section */
		187FF66D2C92E96A009CB09A /* Debug */ = {
			isa = XCBuildConfiguration;
			buildSettings = {
				ALWAYS_SEARCH_USER_PATHS = NO;
				ASSETCATALOG_COMPILER_GENERATE_SWIFT_ASSET_SYMBOL_EXTENSIONS = YES;
				CLANG_ANALYZER_NONNULL = YES;
				CLANG_ANALYZER_NUMBER_OBJECT_CONVERSION = YES_AGGRESSIVE;
				CLANG_CXX_LANGUAGE_STANDARD = "gnu++20";
				CLANG_ENABLE_MODULES = YES;
				CLANG_ENABLE_OBJC_ARC = YES;
				CLANG_ENABLE_OBJC_WEAK = YES;
				CLANG_WARN_BLOCK_CAPTURE_AUTORELEASING = YES;
				CLANG_WARN_BOOL_CONVERSION = YES;
				CLANG_WARN_COMMA = YES;
				CLANG_WARN_CONSTANT_CONVERSION = YES;
				CLANG_WARN_DEPRECATED_OBJC_IMPLEMENTATIONS = YES;
				CLANG_WARN_DIRECT_OBJC_ISA_USAGE = YES_ERROR;
				CLANG_WARN_DOCUMENTATION_COMMENTS = YES;
				CLANG_WARN_EMPTY_BODY = YES;
				CLANG_WARN_ENUM_CONVERSION = YES;
				CLANG_WARN_INFINITE_RECURSION = YES;
				CLANG_WARN_INT_CONVERSION = YES;
				CLANG_WARN_NON_LITERAL_NULL_CONVERSION = YES;
				CLANG_WARN_OBJC_IMPLICIT_RETAIN_SELF = YES;
				CLANG_WARN_OBJC_LITERAL_CONVERSION = YES;
				CLANG_WARN_OBJC_ROOT_CLASS = YES_ERROR;
				CLANG_WARN_QUOTED_INCLUDE_IN_FRAMEWORK_HEADER = YES;
				CLANG_WARN_RANGE_LOOP_ANALYSIS = YES;
				CLANG_WARN_STRICT_PROTOTYPES = YES;
				CLANG_WARN_SUSPICIOUS_MOVE = YES;
				CLANG_WARN_UNGUARDED_AVAILABILITY = YES_AGGRESSIVE;
				CLANG_WARN_UNREACHABLE_CODE = YES;
				CLANG_WARN__DUPLICATE_METHOD_MATCH = YES;
				COPY_PHASE_STRIP = NO;
				DEBUG_INFORMATION_FORMAT = dwarf;
				ENABLE_STRICT_OBJC_MSGSEND = YES;
				ENABLE_TESTABILITY = YES;
				ENABLE_USER_SCRIPT_SANDBOXING = YES;
				GCC_C_LANGUAGE_STANDARD = gnu17;
				GCC_DYNAMIC_NO_PIC = NO;
				GCC_NO_COMMON_BLOCKS = YES;
				GCC_OPTIMIZATION_LEVEL = 0;
				GCC_PREPROCESSOR_DEFINITIONS = (
					"DEBUG=1",
					"$(inherited)",
				);
				GCC_WARN_64_TO_32_BIT_CONVERSION = YES;
				GCC_WARN_ABOUT_RETURN_TYPE = YES_ERROR;
				GCC_WARN_UNDECLARED_SELECTOR = YES;
				GCC_WARN_UNINITIALIZED_AUTOS = YES_AGGRESSIVE;
				GCC_WARN_UNUSED_FUNCTION = YES;
				GCC_WARN_UNUSED_VARIABLE = YES;
				IPHONEOS_DEPLOYMENT_TARGET = 17.4;
				LOCALIZATION_PREFERS_STRING_CATALOGS = YES;
				MTL_ENABLE_DEBUG_INFO = INCLUDE_SOURCE;
				MTL_FAST_MATH = YES;
				ONLY_ACTIVE_ARCH = YES;
				SDKROOT = iphoneos;
				SWIFT_ACTIVE_COMPILATION_CONDITIONS = "DEBUG $(inherited)";
				SWIFT_OPTIMIZATION_LEVEL = "-Onone";
			};
			name = Debug;
		};
		187FF66E2C92E96A009CB09A /* Release */ = {
			isa = XCBuildConfiguration;
			buildSettings = {
				ALWAYS_SEARCH_USER_PATHS = NO;
				ASSETCATALOG_COMPILER_GENERATE_SWIFT_ASSET_SYMBOL_EXTENSIONS = YES;
				CLANG_ANALYZER_NONNULL = YES;
				CLANG_ANALYZER_NUMBER_OBJECT_CONVERSION = YES_AGGRESSIVE;
				CLANG_CXX_LANGUAGE_STANDARD = "gnu++20";
				CLANG_ENABLE_MODULES = YES;
				CLANG_ENABLE_OBJC_ARC = YES;
				CLANG_ENABLE_OBJC_WEAK = YES;
				CLANG_WARN_BLOCK_CAPTURE_AUTORELEASING = YES;
				CLANG_WARN_BOOL_CONVERSION = YES;
				CLANG_WARN_COMMA = YES;
				CLANG_WARN_CONSTANT_CONVERSION = YES;
				CLANG_WARN_DEPRECATED_OBJC_IMPLEMENTATIONS = YES;
				CLANG_WARN_DIRECT_OBJC_ISA_USAGE = YES_ERROR;
				CLANG_WARN_DOCUMENTATION_COMMENTS = YES;
				CLANG_WARN_EMPTY_BODY = YES;
				CLANG_WARN_ENUM_CONVERSION = YES;
				CLANG_WARN_INFINITE_RECURSION = YES;
				CLANG_WARN_INT_CONVERSION = YES;
				CLANG_WARN_NON_LITERAL_NULL_CONVERSION = YES;
				CLANG_WARN_OBJC_IMPLICIT_RETAIN_SELF = YES;
				CLANG_WARN_OBJC_LITERAL_CONVERSION = YES;
				CLANG_WARN_OBJC_ROOT_CLASS = YES_ERROR;
				CLANG_WARN_QUOTED_INCLUDE_IN_FRAMEWORK_HEADER = YES;
				CLANG_WARN_RANGE_LOOP_ANALYSIS = YES;
				CLANG_WARN_STRICT_PROTOTYPES = YES;
				CLANG_WARN_SUSPICIOUS_MOVE = YES;
				CLANG_WARN_UNGUARDED_AVAILABILITY = YES_AGGRESSIVE;
				CLANG_WARN_UNREACHABLE_CODE = YES;
				CLANG_WARN__DUPLICATE_METHOD_MATCH = YES;
				COPY_PHASE_STRIP = NO;
				DEBUG_INFORMATION_FORMAT = "dwarf-with-dsym";
				ENABLE_NS_ASSERTIONS = NO;
				ENABLE_STRICT_OBJC_MSGSEND = YES;
				ENABLE_USER_SCRIPT_SANDBOXING = YES;
				GCC_C_LANGUAGE_STANDARD = gnu17;
				GCC_NO_COMMON_BLOCKS = YES;
				GCC_WARN_64_TO_32_BIT_CONVERSION = YES;
				GCC_WARN_ABOUT_RETURN_TYPE = YES_ERROR;
				GCC_WARN_UNDECLARED_SELECTOR = YES;
				GCC_WARN_UNINITIALIZED_AUTOS = YES_AGGRESSIVE;
				GCC_WARN_UNUSED_FUNCTION = YES;
				GCC_WARN_UNUSED_VARIABLE = YES;
				IPHONEOS_DEPLOYMENT_TARGET = 17.4;
				LOCALIZATION_PREFERS_STRING_CATALOGS = YES;
				MTL_ENABLE_DEBUG_INFO = NO;
				MTL_FAST_MATH = YES;
				SDKROOT = iphoneos;
				SWIFT_COMPILATION_MODE = wholemodule;
				VALIDATE_PRODUCT = YES;
			};
			name = Release;
		};
		187FF6702C92E96A009CB09A /* Debug */ = {
			isa = XCBuildConfiguration;
			buildSettings = {
				ASSETCATALOG_COMPILER_APPICON_NAME = AppIcon;
				ASSETCATALOG_COMPILER_GLOBAL_ACCENT_COLOR_NAME = AccentColor;
				CODE_SIGN_STYLE = Automatic;
				CURRENT_PROJECT_VERSION = 1;
				DEVELOPMENT_TEAM = 7BPX864597;
				GENERATE_INFOPLIST_FILE = YES;
				INFOPLIST_FILE = SpotifyClone/Info.plist;
				INFOPLIST_KEY_UIApplicationSupportsIndirectInputEvents = YES;
				INFOPLIST_KEY_UILaunchStoryboardName = LaunchScreen;
				INFOPLIST_KEY_UIMainStoryboardFile = Main;
				INFOPLIST_KEY_UISupportedInterfaceOrientations_iPad = "UIInterfaceOrientationPortrait UIInterfaceOrientationPortraitUpsideDown UIInterfaceOrientationLandscapeLeft UIInterfaceOrientationLandscapeRight";
				INFOPLIST_KEY_UISupportedInterfaceOrientations_iPhone = "UIInterfaceOrientationPortrait UIInterfaceOrientationLandscapeLeft UIInterfaceOrientationLandscapeRight";
				LD_RUNPATH_SEARCH_PATHS = (
					"$(inherited)",
					"@executable_path/Frameworks",
				);
				MARKETING_VERSION = 1.0;
				PRODUCT_BUNDLE_IDENTIFIER = com.ramazanceylan.SpotifyClone;
				PRODUCT_NAME = "$(TARGET_NAME)";
				SWIFT_EMIT_LOC_STRINGS = YES;
				SWIFT_VERSION = 5.0;
				TARGETED_DEVICE_FAMILY = "1,2";
			};
			name = Debug;
		};
		187FF6712C92E96A009CB09A /* Release */ = {
			isa = XCBuildConfiguration;
			buildSettings = {
				ASSETCATALOG_COMPILER_APPICON_NAME = AppIcon;
				ASSETCATALOG_COMPILER_GLOBAL_ACCENT_COLOR_NAME = AccentColor;
				CODE_SIGN_STYLE = Automatic;
				CURRENT_PROJECT_VERSION = 1;
				DEVELOPMENT_TEAM = 7BPX864597;
				GENERATE_INFOPLIST_FILE = YES;
				INFOPLIST_FILE = SpotifyClone/Info.plist;
				INFOPLIST_KEY_UIApplicationSupportsIndirectInputEvents = YES;
				INFOPLIST_KEY_UILaunchStoryboardName = LaunchScreen;
				INFOPLIST_KEY_UIMainStoryboardFile = Main;
				INFOPLIST_KEY_UISupportedInterfaceOrientations_iPad = "UIInterfaceOrientationPortrait UIInterfaceOrientationPortraitUpsideDown UIInterfaceOrientationLandscapeLeft UIInterfaceOrientationLandscapeRight";
				INFOPLIST_KEY_UISupportedInterfaceOrientations_iPhone = "UIInterfaceOrientationPortrait UIInterfaceOrientationLandscapeLeft UIInterfaceOrientationLandscapeRight";
				LD_RUNPATH_SEARCH_PATHS = (
					"$(inherited)",
					"@executable_path/Frameworks",
				);
				MARKETING_VERSION = 1.0;
				PRODUCT_BUNDLE_IDENTIFIER = com.ramazanceylan.SpotifyClone;
				PRODUCT_NAME = "$(TARGET_NAME)";
				SWIFT_EMIT_LOC_STRINGS = YES;
				SWIFT_VERSION = 5.0;
				TARGETED_DEVICE_FAMILY = "1,2";
			};
			name = Release;
		};
/* End XCBuildConfiguration section */

/* Begin XCConfigurationList section */
		187FF6562C92E968009CB09A /* Build configuration list for PBXProject "SpotifyClone" */ = {
			isa = XCConfigurationList;
			buildConfigurations = (
				187FF66D2C92E96A009CB09A /* Debug */,
				187FF66E2C92E96A009CB09A /* Release */,
			);
			defaultConfigurationIsVisible = 0;
			defaultConfigurationName = Release;
		};
		187FF66F2C92E96A009CB09A /* Build configuration list for PBXNativeTarget "SpotifyClone" */ = {
			isa = XCConfigurationList;
			buildConfigurations = (
				187FF6702C92E96A009CB09A /* Debug */,
				187FF6712C92E96A009CB09A /* Release */,
			);
			defaultConfigurationIsVisible = 0;
			defaultConfigurationName = Release;
		};
/* End XCConfigurationList section */
	};
	rootObject = 187FF6532C92E968009CB09A /* Project object */;
}
